<?xml version="1.0" encoding="utf-8"?>
<Project ToolsVersion="4.0" xmlns="http://schemas.microsoft.com/developer/msbuild/2003">
  <ItemGroup>
    <Filter Include="Source Files">
      <UniqueIdentifier>{4FC737F1-C7A5-4376-A066-2A32D752A2FF}</UniqueIdentifier>
      <Extensions>cpp;c;cc;cxx;def;odl;idl;hpj;bat;asm;asmx</Extensions>
    </Filter>
    <Filter Include="Header Files">
      <UniqueIdentifier>{93995380-89BD-4b04-88EB-625FBE52EBFB}</UniqueIdentifier>
      <Extensions>h;hh;hpp;hxx;hm;inl;inc;ipp;xsd</Extensions>
    </Filter>
    <Filter Include="Resource Files">
      <UniqueIdentifier>{67DA6AB6-F800-4c08-8B7A-83BB121AAD01}</UniqueIdentifier>
      <Extensions>rc;ico;cur;bmp;dlg;rc2;rct;bin;rgs;gif;jpg;jpeg;jpe;resx;tiff;tif;png;wav;mfcribbon-ms</Extensions>
    </Filter>
    <Filter Include="Header Files\Renderers">
      <UniqueIdentifier>{7b43982e-8dc3-43ee-882e-5ad8bfa48725}</UniqueIdentifier>
    </Filter>
    <Filter Include="Header Files\lib">
      <UniqueIdentifier>{21c666bb-7f0c-492a-ab30-cce2fada26eb}</UniqueIdentifier>
    </Filter>
    <Filter Include="Source Files\lib">
      <UniqueIdentifier>{9420aff3-4a34-46c2-92ac-39bdc63b1bd3}</UniqueIdentifier>
    </Filter>
    <Filter Include="Source Files\Renderers">
      <UniqueIdentifier>{bc80c3ad-e4b3-47ac-80c0-2c1a2d05bd18}</UniqueIdentifier>
    </Filter>
  </ItemGroup>
  <ItemGroup>
    <ClInclude Include="include\Renderers\MeshRenderer.hpp">
      <Filter>Header Files\Renderers</Filter>
    </ClInclude>
    <ClInclude Include="include\Renderers\LandRenderer.hpp">
      <Filter>Header Files\Renderers</Filter>
    </ClInclude>
    <ClInclude Include="include\Renderers\ParticleRenderer.hpp">
      <Filter>Header Files\Renderers</Filter>
    </ClInclude>
    <ClInclude Include="include\Renderers\SkyboxRenderer.hpp">
      <Filter>Header Files\Renderers</Filter>
    </ClInclude>
    <ClInclude Include="include\Light.hpp">
      <Filter>Header Files</Filter>
    </ClInclude>
    <ClInclude Include="include\Model.hpp">
      <Filter>Header Files</Filter>
    </ClInclude>
    <ClInclude Include="include\Renderer.hpp">
      <Filter>Header Files</Filter>
    </ClInclude>
    <ClInclude Include="include\ResourceManager.hpp">
      <Filter>Header Files</Filter>
    </ClInclude>
    <ClInclude Include="include\Shader.hpp">
      <Filter>Header Files</Filter>
    </ClInclude>
    <ClInclude Include="include\Texture.hpp">
      <Filter>Header Files</Filter>
    </ClInclude>
    <ClInclude Include="include\Camera.hpp">
      <Filter>Header Files</Filter>
    </ClInclude>
    <ClInclude Include="include\CollisionDetector.hpp">
      <Filter>Header Files</Filter>
    </ClInclude>
    <ClInclude Include="include\Frog.hpp">
      <Filter>Header Files</Filter>
    </ClInclude>
    <ClInclude Include="include\Game.hpp">
      <Filter>Header Files</Filter>
    </ClInclude>
    <ClInclude Include="include\GUI.hpp">
      <Filter>Header Files</Filter>
    </ClInclude>
    <ClInclude Include="include\lib\cJSON.h">
      <Filter>Header Files\lib</Filter>
    </ClInclude>
    <ClInclude Include="include\lib\glad.h">
      <Filter>Header Files\lib</Filter>
    </ClInclude>
    <ClInclude Include="include\lib\imconfig.h">
      <Filter>Header Files\lib</Filter>
    </ClInclude>
    <ClInclude Include="include\lib\imgui.h">
      <Filter>Header Files\lib</Filter>
    </ClInclude>
    <ClInclude Include="include\lib\imgui_impl_glfw_gl3.h">
      <Filter>Header Files\lib</Filter>
    </ClInclude>
    <ClInclude Include="include\lib\imgui_internal.h">
      <Filter>Header Files\lib</Filter>
    </ClInclude>
    <ClInclude Include="include\lib\stb_image.h">
      <Filter>Header Files\lib</Filter>
    </ClInclude>
    <ClInclude Include="include\lib\stb_rect_pack.h">
      <Filter>Header Files\lib</Filter>
    </ClInclude>
    <ClInclude Include="include\lib\stb_textedit.h">
      <Filter>Header Files\lib</Filter>
    </ClInclude>
    <ClInclude Include="include\lib\stb_truetype.h">
      <Filter>Header Files\lib</Filter>
    </ClInclude>
  </ItemGroup>
  <ItemGroup>
    <ClCompile Include="src\Model.cpp">
      <Filter>Source Files</Filter>
    </ClCompile>
    <ClCompile Include="src\Renderer.cpp">
      <Filter>Source Files</Filter>
    </ClCompile>
    <ClCompile Include="src\ResourceManager.cpp">
      <Filter>Source Files</Filter>
    </ClCompile>
    <ClCompile Include="src\Shader.cpp">
      <Filter>Source Files</Filter>
    </ClCompile>
    <ClCompile Include="src\Texture.cpp">
      <Filter>Source Files</Filter>
    </ClCompile>
    <ClCompile Include="src\Camera.cpp">
      <Filter>Source Files</Filter>
    </ClCompile>
    <ClCompile Include="src\CollisionDetector.cpp">
      <Filter>Source Files</Filter>
    </ClCompile>
    <ClCompile Include="src\Frog.cpp">
      <Filter>Source Files</Filter>
    </ClCompile>
    <ClCompile Include="src\Game.cpp">
      <Filter>Source Files</Filter>
    </ClCompile>
    <ClCompile Include="src\GUI.cpp">
      <Filter>Source Files</Filter>
    </ClCompile>
    <ClCompile Include="src\Light.cpp">
      <Filter>Source Files</Filter>
    </ClCompile>
    <ClCompile Include="src\main.cpp">
      <Filter>Source Files</Filter>
    </ClCompile>
    <ClCompile Include="src\Renderers\LandRenderer.cpp">
      <Filter>Source Files\Renderers</Filter>
    </ClCompile>
    <ClCompile Include="src\Renderers\MeshRenderer.cpp">
      <Filter>Source Files\Renderers</Filter>
    </ClCompile>
    <ClCompile Include="src\Renderers\ParticleRenderer.cpp">
      <Filter>Source Files\Renderers</Filter>
    </ClCompile>
    <ClCompile Include="src\Renderers\SkyboxRenderer.cpp">
      <Filter>Source Files\Renderers</Filter>
    </ClCompile>
    <ClCompile Include="src\lib\cJSON.cpp">
      <Filter>Source Files\lib</Filter>
    </ClCompile>
    <ClCompile Include="src\lib\glad.cpp">
      <Filter>Source Files\lib</Filter>
    </ClCompile>
    <ClCompile Include="src\lib\imgui.cpp">
      <Filter>Source Files\lib</Filter>
    </ClCompile>
    <ClCompile Include="src\lib\imgui_draw.cpp">
      <Filter>Source Files\lib</Filter>
    </ClCompile>
    <ClCompile Include="src\lib\imgui_impl_glfw_gl3.cpp">
      <Filter>Source Files\lib</Filter>
    </ClCompile>
  </ItemGroup>
</Project>